{
    "_readme": [
        "This file locks the dependencies of your project to a known state",
        "Read more about it at https://getcomposer.org/doc/01-basic-usage.md#composer-lock-the-lock-file",
        "This file is @generated automatically"
    ],
    "hash": "81657544f3ce403a3b961a44350c8426",
    "packages": [
        {
            "name": "adodb/adodb-php",
            "version": "v5.19",
            "source": {
                "type": "git",
                "url": "https://github.com/ADOdb/ADOdb.git",
                "reference": "773bb9b7ccd81b403bf75f7ef476c3f2d7ee04de"
            },
            "dist": {
                "type": "zip",
                "url": "https://api.github.com/repos/ADOdb/ADOdb/zipball/773bb9b7ccd81b403bf75f7ef476c3f2d7ee04de",
                "reference": "773bb9b7ccd81b403bf75f7ef476c3f2d7ee04de",
                "shasum": ""
            },
            "require": {
                "php": ">=5.3.2"
            },
            "type": "library",
            "autoload": {
                "files": [
                    "adodb.inc.php"
                ]
            },
            "notification-url": "https://packagist.org/downloads/",
            "license": [
                "LGPL-2.1",
                " BSD-2-Clause"
            ],
            "authors": [
                {
                    "name": "John Lim",
                    "email": "jlim@natsoft.com",
                    "role": "Author"
                },
                {
                    "name": "Damien Regad",
                    "role": "Current maintainer"
                }
            ],
            "description": "ADOdb is a PHP database abstraction layer library",
            "homepage": "http://adodb.sourceforge.net/",
            "keywords": [
                "database"
            ],
            "time": "2014-04-23 14:37:03"
        },
        {
            "name": "phpmailer/phpmailer",
            "version": "v5.2.13",
            "source": {
                "type": "git",
                "url": "https://github.com/PHPMailer/PHPMailer.git",
                "reference": "45df3a88f7f46071e10d0b600f228d19f95911b3"
            },
            "dist": {
                "type": "zip",
                "url": "https://api.github.com/repos/PHPMailer/PHPMailer/zipball/45df3a88f7f46071e10d0b600f228d19f95911b3",
                "reference": "45df3a88f7f46071e10d0b600f228d19f95911b3",
                "shasum": ""
            },
            "require": {
                "php": ">=5.0.0"
            },
            "require-dev": {
                "phpdocumentor/phpdocumentor": "*",
                "phpunit/phpunit": "4.7.*"
            },
            "suggest": {
                "league/oauth2-client": "Needed for Gmail's XOAUTH2 authentication system"
            },
            "type": "library",
            "autoload": {
                "classmap": [
                    "class.phpmailer.php",
                    "class.phpmaileroauth.php",
                    "class.phpmaileroauthgoogle.php",
                    "class.smtp.php",
                    "class.pop3.php",
                    "extras/EasyPeasyICS.php",
                    "extras/ntlm_sasl_client.php"
                ]
            },
            "notification-url": "https://packagist.org/downloads/",
            "license": [
                "LGPL-2.1"
            ],
            "authors": [
                {
                    "name": "Jim Jagielski",
                    "email": "jimjag@gmail.com"
                },
                {
                    "name": "Marcus Bointon",
                    "email": "phpmailer@synchromedia.co.uk"
                },
                {
                    "name": "Andy Prevost",
                    "email": "codeworxtech@users.sourceforge.net"
                },
                {
                    "name": "Brent R. Matzelle"
                }
            ],
            "description": "PHPMailer is a full-featured email creation and transfer class for PHP",
            "time": "2015-09-14 09:18:12"
        },
        {
            "name": "skyzyx/mimetypes",
            "version": "1.1.1",
            "source": {
                "type": "git",
                "url": "https://github.com/skyzyx/mimetypes.git",
                "reference": "bf8a41a13b187812fd9e71caaeee5c97ea4f0221"
            },
            "dist": {
                "type": "zip",
                "url": "https://api.github.com/repos/skyzyx/mimetypes/zipball/bf8a41a13b187812fd9e71caaeee5c97ea4f0221",
                "reference": "bf8a41a13b187812fd9e71caaeee5c97ea4f0221",
                "shasum": ""
            },
            "require": {
                "php": ">=5.3"
            },
            "require-dev": {
                "dflydev/apache-mime-types": "1.0.*@dev",
                "twig/twig": "1.*"
            },
            "type": "library",
            "autoload": {
                "psr-0": {
                    "Skyzyx\\Components\\Mimetypes": "src/"
                }
            },
            "notification-url": "https://packagist.org/downloads/",
            "license": [
                "MIT"
            ],
            "authors": [
                {
                    "name": "Ryan Parman",
                    "homepage": "http://ryanparman.com",
                    "role": "Vanity Developer"
                },
                {
                    "name": "Contributors",
                    "homepage": "http://github.com/skyzyx/mimetypes/contributors"
                }
            ],
            "description": "Creates a JSON document containing a thorough list of file extensions => mime types as provided by the Apache httpd project.",
            "homepage": "http://github.com/skyzyx/mimetypes",
            "keywords": [
                "dictionary",
                "map",
                "mime",
                "mimetype"
            ],
            "time": "2013-03-31 11:50:02"
        }
    ],
    "packages-dev": [],
    "aliases": [],
    "minimum-stability": "stable",
    "stability-flags": [],
    "prefer-stable": false,
    "prefer-lowest": false,
    "platform": {
        "php": ">=5.3"
    },
    "platform-dev": []
}
